
Microsoft Visual Studio Solution File, Format Version 12.00
# Visual Studio 15
Project("{FAE04EC0-301F-11D3-BF4B-00C04F79EFBC}") = "Assembly-CSharp", "Assembly-CSharp.csproj", "{255FD3F2-2413-C8D6-DA00-FBE691516E8D}"
EndProject
Project("{FAE04EC0-301F-11D3-BF4B-00C04F79EFBC}") = "Oculus.VR", "Oculus.VR.csproj", "{B26DC69F-4313-0C25-A343-0F23CA0E7CB7}"
EndProject
Project("{FAE04EC0-301F-11D3-BF4B-00C04F79EFBC}") = "Oculus.Platform", "Oculus.Platform.csproj", "{5EEE116B-CEC5-F217-DD7E-C72FF4893332}"
EndProject
Project("{FAE04EC0-301F-11D3-BF4B-00C04F79EFBC}") = "Assembly-CSharp-Editor", "Assembly-CSharp-Editor.csproj", "{638631F8-B527-1F19-AA17-4DB9B8E1A9CD}"
EndProject
Project("{FAE04EC0-301F-11D3-BF4B-00C04F79EFBC}") = "Oculus.VR.Scripts.Editor", "Oculus.VR.Scripts.Editor.csproj", "{32DA8D8A-5C65-8B55-3252-1DFAEB916D9D}"
EndProject
Project("{FAE04EC0-301F-11D3-BF4B-00C04F79EFBC}") = "Oculus.VR.Editor", "Oculus.VR.Editor.csproj", "{56403DE1-75C9-E867-1C51-4AB3D3CA9E75}"
EndProject
Project("{FAE04EC0-301F-11D3-BF4B-00C04F79EFBC}") = "Oculus.Platform.Editor", "Oculus.Platform.Editor.csproj", "{3B0F11EF-AC9D-3B06-3FC5-609DA2F1A31B}"
EndProject
Global
	GlobalSection(SolutionConfigurationPlatforms) = preSolution
		Debug|Any CPU = Debug|Any CPU
		Release|Any CPU = Release|Any CPU
	EndGlobalSection
	GlobalSection(ProjectConfigurationPlatforms) = postSolution
		{255FD3F2-2413-C8D6-DA00-FBE691516E8D}.Debug|Any CPU.ActiveCfg = Debug|Any CPU
		{255FD3F2-2413-C8D6-DA00-FBE691516E8D}.Debug|Any CPU.Build.0 = Debug|Any CPU
		{255FD3F2-2413-C8D6-DA00-FBE691516E8D}.Release|Any CPU.ActiveCfg = Release|Any CPU
		{255FD3F2-2413-C8D6-DA00-FBE691516E8D}.Release|Any CPU.Build.0 = Release|Any CPU
		{B26DC69F-4313-0C25-A343-0F23CA0E7CB7}.Debug|Any CPU.ActiveCfg = Debug|Any CPU
		{B26DC69F-4313-0C25-A343-0F23CA0E7CB7}.Debug|Any CPU.Build.0 = Debug|Any CPU
		{B26DC69F-4313-0C25-A343-0F23CA0E7CB7}.Release|Any CPU.ActiveCfg = Release|Any CPU
		{B26DC69F-4313-0C25-A343-0F23CA0E7CB7}.Release|Any CPU.Build.0 = Release|Any CPU
		{5EEE116B-CEC5-F217-DD7E-C72FF4893332}.Debug|Any CPU.ActiveCfg = Debug|Any CPU
		{5EEE116B-CEC5-F217-DD7E-C72FF4893332}.Debug|Any CPU.Build.0 = Debug|Any CPU
		{5EEE116B-CEC5-F217-DD7E-C72FF4893332}.Release|Any CPU.ActiveCfg = Release|Any CPU
		{5EEE116B-CEC5-F217-DD7E-C72FF4893332}.Release|Any CPU.Build.0 = Release|Any CPU
		{638631F8-B527-1F19-AA17-4DB9B8E1A9CD}.Debug|Any CPU.ActiveCfg = Debug|Any CPU
		{638631F8-B527-1F19-AA17-4DB9B8E1A9CD}.Debug|Any CPU.Build.0 = Debug|Any CPU
		{638631F8-B527-1F19-AA17-4DB9B8E1A9CD}.Release|Any CPU.ActiveCfg = Release|Any CPU
		{638631F8-B527-1F19-AA17-4DB9B8E1A9CD}.Release|Any CPU.Build.0 = Release|Any CPU
		{32DA8D8A-5C65-8B55-3252-1DFAEB916D9D}.Debug|Any CPU.ActiveCfg = Debug|Any CPU
		{32DA8D8A-5C65-8B55-3252-1DFAEB916D9D}.Debug|Any CPU.Build.0 = Debug|Any CPU
		{32DA8D8A-5C65-8B55-3252-1DFAEB916D9D}.Release|Any CPU.ActiveCfg = Release|Any CPU
		{32DA8D8A-5C65-8B55-3252-1DFAEB916D9D}.Release|Any CPU.Build.0 = Release|Any CPU
		{56403DE1-75C9-E867-1C51-4AB3D3CA9E75}.Debug|Any CPU.ActiveCfg = Debug|Any CPU
		{56403DE1-75C9-E867-1C51-4AB3D3CA9E75}.Debug|Any CPU.Build.0 = Debug|Any CPU
		{56403DE1-75C9-E867-1C51-4AB3D3CA9E75}.Release|Any CPU.ActiveCfg = Release|Any CPU
		{56403DE1-75C9-E867-1C51-4AB3D3CA9E75}.Release|Any CPU.Build.0 = Release|Any CPU
		{3B0F11EF-AC9D-3B06-3FC5-609DA2F1A31B}.Debug|Any CPU.ActiveCfg = Debug|Any CPU
		{3B0F11EF-AC9D-3B06-3FC5-609DA2F1A31B}.Debug|Any CPU.Build.0 = Debug|Any CPU
		{3B0F11EF-AC9D-3B06-3FC5-609DA2F1A31B}.Release|Any CPU.ActiveCfg = Release|Any CPU
		{3B0F11EF-AC9D-3B06-3FC5-609DA2F1A31B}.Release|Any CPU.Build.0 = Release|Any CPU
	EndGlobalSection
	GlobalSection(SolutionProperties) = preSolution
		HideSolutionNode = FALSE
	EndGlobalSection
EndGlobal
