
Microsoft Visual Studio Solution File, Format Version 12.00
# Visual Studio 15
Project("{FAE04EC0-301F-11D3-BF4B-00C04F79EFBC}") = "Assembly-CSharp", "Assembly-CSharp.csproj", "{831CE34D-66E0-D8D6-AEFE-C2A9DD64AAA8}"
EndProject
Project("{FAE04EC0-301F-11D3-BF4B-00C04F79EFBC}") = "Oculus.VR", "Oculus.VR.csproj", "{65B66191-6887-66ED-F2C9-AA689A8D977E}"
EndProject
Project("{FAE04EC0-301F-11D3-BF4B-00C04F79EFBC}") = "Oculus.Platform", "Oculus.Platform.csproj", "{A582E115-94D3-96D3-0C75-0B1A3DB37BD4}"
EndProject
Project("{FAE04EC0-301F-11D3-BF4B-00C04F79EFBC}") = "Assembly-CSharp-Editor", "Assembly-CSharp-Editor.csproj", "{24013AF6-3957-7746-AED0-EA2637A6A538}"
EndProject
Project("{FAE04EC0-301F-11D3-BF4B-00C04F79EFBC}") = "Oculus.VR.Scripts.Editor", "Oculus.VR.Scripts.Editor.csproj", "{78B91560-B775-4B1B-BC47-EBC7CB53CA9A}"
EndProject
Project("{FAE04EC0-301F-11D3-BF4B-00C04F79EFBC}") = "Oculus.VR.Editor", "Oculus.VR.Editor.csproj", "{96E5A637-CEF6-D3D9-39E5-04AD86B17FFB}"
EndProject
Project("{FAE04EC0-301F-11D3-BF4B-00C04F79EFBC}") = "Oculus.Platform.Editor", "Oculus.Platform.Editor.csproj", "{F5663701-1825-41FB-401C-9BEC6F8B8FDE}"
EndProject
Global
	GlobalSection(SolutionConfigurationPlatforms) = preSolution
		Debug|Any CPU = Debug|Any CPU
		Release|Any CPU = Release|Any CPU
	EndGlobalSection
	GlobalSection(ProjectConfigurationPlatforms) = postSolution
		{831CE34D-66E0-D8D6-AEFE-C2A9DD64AAA8}.Debug|Any CPU.ActiveCfg = Debug|Any CPU
		{831CE34D-66E0-D8D6-AEFE-C2A9DD64AAA8}.Debug|Any CPU.Build.0 = Debug|Any CPU
		{831CE34D-66E0-D8D6-AEFE-C2A9DD64AAA8}.Release|Any CPU.ActiveCfg = Release|Any CPU
		{831CE34D-66E0-D8D6-AEFE-C2A9DD64AAA8}.Release|Any CPU.Build.0 = Release|Any CPU
		{65B66191-6887-66ED-F2C9-AA689A8D977E}.Debug|Any CPU.ActiveCfg = Debug|Any CPU
		{65B66191-6887-66ED-F2C9-AA689A8D977E}.Debug|Any CPU.Build.0 = Debug|Any CPU
		{65B66191-6887-66ED-F2C9-AA689A8D977E}.Release|Any CPU.ActiveCfg = Release|Any CPU
		{65B66191-6887-66ED-F2C9-AA689A8D977E}.Release|Any CPU.Build.0 = Release|Any CPU
		{A582E115-94D3-96D3-0C75-0B1A3DB37BD4}.Debug|Any CPU.ActiveCfg = Debug|Any CPU
		{A582E115-94D3-96D3-0C75-0B1A3DB37BD4}.Debug|Any CPU.Build.0 = Debug|Any CPU
		{A582E115-94D3-96D3-0C75-0B1A3DB37BD4}.Release|Any CPU.ActiveCfg = Release|Any CPU
		{A582E115-94D3-96D3-0C75-0B1A3DB37BD4}.Release|Any CPU.Build.0 = Release|Any CPU
		{24013AF6-3957-7746-AED0-EA2637A6A538}.Debug|Any CPU.ActiveCfg = Debug|Any CPU
		{24013AF6-3957-7746-AED0-EA2637A6A538}.Debug|Any CPU.Build.0 = Debug|Any CPU
		{24013AF6-3957-7746-AED0-EA2637A6A538}.Release|Any CPU.ActiveCfg = Release|Any CPU
		{24013AF6-3957-7746-AED0-EA2637A6A538}.Release|Any CPU.Build.0 = Release|Any CPU
		{78B91560-B775-4B1B-BC47-EBC7CB53CA9A}.Debug|Any CPU.ActiveCfg = Debug|Any CPU
		{78B91560-B775-4B1B-BC47-EBC7CB53CA9A}.Debug|Any CPU.Build.0 = Debug|Any CPU
		{78B91560-B775-4B1B-BC47-EBC7CB53CA9A}.Release|Any CPU.ActiveCfg = Release|Any CPU
		{78B91560-B775-4B1B-BC47-EBC7CB53CA9A}.Release|Any CPU.Build.0 = Release|Any CPU
		{96E5A637-CEF6-D3D9-39E5-04AD86B17FFB}.Debug|Any CPU.ActiveCfg = Debug|Any CPU
		{96E5A637-CEF6-D3D9-39E5-04AD86B17FFB}.Debug|Any CPU.Build.0 = Debug|Any CPU
		{96E5A637-CEF6-D3D9-39E5-04AD86B17FFB}.Release|Any CPU.ActiveCfg = Release|Any CPU
		{96E5A637-CEF6-D3D9-39E5-04AD86B17FFB}.Release|Any CPU.Build.0 = Release|Any CPU
		{F5663701-1825-41FB-401C-9BEC6F8B8FDE}.Debug|Any CPU.ActiveCfg = Debug|Any CPU
		{F5663701-1825-41FB-401C-9BEC6F8B8FDE}.Debug|Any CPU.Build.0 = Debug|Any CPU
		{F5663701-1825-41FB-401C-9BEC6F8B8FDE}.Release|Any CPU.ActiveCfg = Release|Any CPU
		{F5663701-1825-41FB-401C-9BEC6F8B8FDE}.Release|Any CPU.Build.0 = Release|Any CPU
	EndGlobalSection
	GlobalSection(SolutionProperties) = preSolution
		HideSolutionNode = FALSE
	EndGlobalSection
EndGlobal
